
Microsoft Visual Studio Solution File, Format Version 12.00
# Visual Studio 2012
Project("{E24C65DC-7377-472B-9ABA-BC803B73C61A}") = "furn", ".", "{5E547073-ABB9-449F-BB23-109C2E9682C3}"
	ProjectSection(WebsiteProperties) = preProject
		TargetFrameworkMoniker = ".NETFramework,Version%3Dv4.5"
		Debug.AspNetCompiler.VirtualPath = "/furn"
		Debug.AspNetCompiler.PhysicalPath = "F:\backup\New poject\aaftab-try\furniture\furn\"
		Debug.AspNetCompiler.TargetPath = "PrecompiledWeb\furn\"
		Debug.AspNetCompiler.Updateable = "true"
		Debug.AspNetCompiler.ForceOverwrite = "true"
		Debug.AspNetCompiler.FixedNames = "false"
		Debug.AspNetCompiler.Debug = "True"
		Release.AspNetCompiler.VirtualPath = "/furn"
		Release.AspNetCompiler.PhysicalPath = "F:\backup\New poject\aaftab-try\furniture\furn\"
		Release.AspNetCompiler.TargetPath = "PrecompiledWeb\furn\"
		Release.AspNetCompiler.Updateable = "true"
		Release.AspNetCompiler.ForceOverwrite = "true"
		Release.AspNetCompiler.FixedNames = "false"
		Release.AspNetCompiler.Debug = "False"
		VWDPort = "62626"
	EndProjectSection
EndProject
Global
	GlobalSection(SolutionConfigurationPlatforms) = preSolution
		Debug|Any CPU = Debug|Any CPU
	EndGlobalSection
	GlobalSection(ProjectConfigurationPlatforms) = postSolution
		{5E547073-ABB9-449F-BB23-109C2E9682C3}.Debug|Any CPU.ActiveCfg = Debug|Any CPU
		{5E547073-ABB9-449F-BB23-109C2E9682C3}.Debug|Any CPU.Build.0 = Debug|Any CPU
	EndGlobalSection
	GlobalSection(SolutionProperties) = preSolution
		HideSolutionNode = FALSE
	EndGlobalSection
EndGlobal
